// !$*UTF8*$!
{
	archiveVersion = 1;
	classes = {
	};
	objectVersion = 56;
	objects = {

/* Begin PBXBuildFile section */
		FB78482129EE567B002268FF /* IPAddressInformationSwiftUIApp.swift in Sources */ = {isa = PBXBuildFile; fileRef = FB78482029EE567B002268FF /* IPAddressInformationSwiftUIApp.swift */; };
		FB78482329EE567B002268FF /* ContentView.swift in Sources */ = {isa = PBXBuildFile; fileRef = FB78482229EE567B002268FF /* ContentView.swift */; };
		FB78482529EE567D002268FF /* Assets.xcassets in Resources */ = {isa = PBXBuildFile; fileRef = FB78482429EE567D002268FF /* Assets.xcassets */; };
		FB78482829EE567D002268FF /* Preview Assets.xcassets in Resources */ = {isa = PBXBuildFile; fileRef = FB78482729EE567D002268FF /* Preview Assets.xcassets */; };
		FB78483229EE567D002268FF /* IPAddressInformationSwiftUITests.swift in Sources */ = {isa = PBXBuildFile; fileRef = FB78483129EE567D002268FF /* IPAddressInformationSwiftUITests.swift */; };
		FB78483C29EE567D002268FF /* IPAddressInformationSwiftUIUITests.swift in Sources */ = {isa = PBXBuildFile; fileRef = FB78483B29EE567D002268FF /* IPAddressInformationSwiftUIUITests.swift */; };
		FB78483E29EE567D002268FF /* IPAddressInformationSwiftUIUITestsLaunchTests.swift in Sources */ = {isa = PBXBuildFile; fileRef = FB78483D29EE567D002268FF /* IPAddressInformationSwiftUIUITestsLaunchTests.swift */; };
		FB78484E29EE56C9002268FF /* IPAddressAPI in Frameworks */ = {isa = PBXBuildFile; productRef = FB78484D29EE56C9002268FF /* IPAddressAPI */; };
/* End PBXBuildFile section */

/* Begin PBXContainerItemProxy section */
		FB78482E29EE567D002268FF /* PBXContainerItemProxy */ = {
			isa = PBXContainerItemProxy;
			containerPortal = FB78481529EE567B002268FF /* Project object */;
			proxyType = 1;
			remoteGlobalIDString = FB78481C29EE567B002268FF;
			remoteInfo = IPAddressInformationSwiftUI;
		};
		FB78483829EE567D002268FF /* PBXContainerItemProxy */ = {
			isa = PBXContainerItemProxy;
			containerPortal = FB78481529EE567B002268FF /* Project object */;
			proxyType = 1;
			remoteGlobalIDString = FB78481C29EE567B002268FF;
			remoteInfo = IPAddressInformationSwiftUI;
		};
/* End PBXContainerItemProxy section */

/* Begin PBXFileReference section */
		FB78481D29EE567B002268FF /* IPAddressInformationSwiftUI.app */ = {isa = PBXFileReference; explicitFileType = wrapper.application; includeInIndex = 0; path = IPAddressInformationSwiftUI.app; sourceTree = BUILT_PRODUCTS_DIR; };
		FB78482029EE567B002268FF /* IPAddressInformationSwiftUIApp.swift */ = {isa = PBXFileReference; lastKnownFileType = sourcecode.swift; path = IPAddressInformationSwiftUIApp.swift; sourceTree = "<group>"; };
		FB78482229EE567B002268FF /* ContentView.swift */ = {isa = PBXFileReference; lastKnownFileType = sourcecode.swift; path = ContentView.swift; sourceTree = "<group>"; };
		FB78482429EE567D002268FF /* Assets.xcassets */ = {isa = PBXFileReference; lastKnownFileType = folder.assetcatalog; path = Assets.xcassets; sourceTree = "<group>"; };
		FB78482729EE567D002268FF /* Preview Assets.xcassets */ = {isa = PBXFileReference; lastKnownFileType = folder.assetcatalog; path = "Preview Assets.xcassets"; sourceTree = "<group>"; };
		FB78482D29EE567D002268FF /* IPAddressInformationSwiftUITests.xctest */ = {isa = PBXFileReference; explicitFileType = wrapper.cfbundle; includeInIndex = 0; path = IPAddressInformationSwiftUITests.xctest; sourceTree = BUILT_PRODUCTS_DIR; };
		FB78483129EE567D002268FF /* IPAddressInformationSwiftUITests.swift */ = {isa = PBXFileReference; lastKnownFileType = sourcecode.swift; path = IPAddressInformationSwiftUITests.swift; sourceTree = "<group>"; };
		FB78483729EE567D002268FF /* IPAddressInformationSwiftUIUITests.xctest */ = {isa = PBXFileReference; explicitFileType = wrapper.cfbundle; includeInIndex = 0; path = IPAddressInformationSwiftUIUITests.xctest; sourceTree = BUILT_PRODUCTS_DIR; };
		FB78483B29EE567D002268FF /* IPAddressInformationSwiftUIUITests.swift */ = {isa = PBXFileReference; lastKnownFileType = sourcecode.swift; path = IPAddressInformationSwiftUIUITests.swift; sourceTree = "<group>"; };
		FB78483D29EE567D002268FF /* IPAddressInformationSwiftUIUITestsLaunchTests.swift */ = {isa = PBXFileReference; lastKnownFileType = sourcecode.swift; path = IPAddressInformationSwiftUIUITestsLaunchTests.swift; sourceTree = "<group>"; };
		FB78484B29EE56AF002268FF /* IPAddressAPI */ = {isa = PBXFileReference; lastKnownFileType = wrapper; name = IPAddressAPI; path = ../IPAddressAPI; sourceTree = "<group>"; };
/* End PBXFileReference section */

/* Begin PBXFrameworksBuildPhase section */
		FB78481A29EE567B002268FF /* Frameworks */ = {
			isa = PBXFrameworksBuildPhase;
			buildActionMask = 2147483647;
			files = (
				FB78484E29EE56C9002268FF /* IPAddressAPI in Frameworks */,
			);
			runOnlyForDeploymentPostprocessing = 0;
		};
		FB78482A29EE567D002268FF /* Frameworks */ = {
			isa = PBXFrameworksBuildPhase;
			buildActionMask = 2147483647;
			files = (
			);
			runOnlyForDeploymentPostprocessing = 0;
		};
		FB78483429EE567D002268FF /* Frameworks */ = {
			isa = PBXFrameworksBuildPhase;
			buildActionMask = 2147483647;
			files = (
			);
			runOnlyForDeploymentPostprocessing = 0;
		};
/* End PBXFrameworksBuildPhase section */

/* Begin PBXGroup section */
		FB78481429EE567B002268FF = {
			isa = PBXGroup;
			children = (
				FB78484A29EE56AF002268FF /* Packages */,
				FB78481F29EE567B002268FF /* IPAddressInformationSwiftUI */,
				FB78483029EE567D002268FF /* IPAddressInformationSwiftUITests */,
				FB78483A29EE567D002268FF /* IPAddressInformationSwiftUIUITests */,
				FB78481E29EE567B002268FF /* Products */,
				FB78484C29EE56C9002268FF /* Frameworks */,
			);
			sourceTree = "<group>";
		};
		FB78481E29EE567B002268FF /* Products */ = {
			isa = PBXGroup;
			children = (
				FB78481D29EE567B002268FF /* IPAddressInformationSwiftUI.app */,
				FB78482D29EE567D002268FF /* IPAddressInformationSwiftUITests.xctest */,
				FB78483729EE567D002268FF /* IPAddressInformationSwiftUIUITests.xctest */,
			);
			name = Products;
			sourceTree = "<group>";
		};
		FB78481F29EE567B002268FF /* IPAddressInformationSwiftUI */ = {
			isa = PBXGroup;
			children = (
				FB78482029EE567B002268FF /* IPAddressInformationSwiftUIApp.swift */,
				FB78482229EE567B002268FF /* ContentView.swift */,
				FB78482429EE567D002268FF /* Assets.xcassets */,
				FB78482629EE567D002268FF /* Preview Content */,
			);
			path = IPAddressInformationSwiftUI;
			sourceTree = "<group>";
		};
		FB78482629EE567D002268FF /* Preview Content */ = {
			isa = PBXGroup;
			children = (
				FB78482729EE567D002268FF /* Preview Assets.xcassets */,
			);
			path = "Preview Content";
			sourceTree = "<group>";
		};
		FB78483029EE567D002268FF /* IPAddressInformationSwiftUITests */ = {
			isa = PBXGroup;
			children = (
				FB78483129EE567D002268FF /* IPAddressInformationSwiftUITests.swift */,
			);
			path = IPAddressInformationSwiftUITests;
			sourceTree = "<group>";
		};
		FB78483A29EE567D002268FF /* IPAddressInformationSwiftUIUITests */ = {
			isa = PBXGroup;
			children = (
				FB78483B29EE567D002268FF /* IPAddressInformationSwiftUIUITests.swift */,
				FB78483D29EE567D002268FF /* IPAddressInformationSwiftUIUITestsLaunchTests.swift */,
			);
			path = IPAddressInformationSwiftUIUITests;
			sourceTree = "<group>";
		};
		FB78484A29EE56AF002268FF /* Packages */ = {
			isa = PBXGroup;
			children = (
				FB78484B29EE56AF002268FF /* IPAddressAPI */,
			);
			name = Packages;
			sourceTree = "<group>";
		};
		FB78484C29EE56C9002268FF /* Frameworks */ = {
			isa = PBXGroup;
			children = (
			);
			name = Frameworks;
			sourceTree = "<group>";
		};
/* End PBXGroup section */

/* Begin PBXNativeTarget section */
		FB78481C29EE567B002268FF /* IPAddressInformationSwiftUI */ = {
			isa = PBXNativeTarget;
			buildConfigurationList = FB78484129EE567D002268FF /* Build configuration list for PBXNativeTarget "IPAddressInformationSwiftUI" */;
			buildPhases = (
				FB78481929EE567B002268FF /* Sources */,
				FB78481A29EE567B002268FF /* Frameworks */,
				FB78481B29EE567B002268FF /* Resources */,
			);
			buildRules = (
			);
			dependencies = (
			);
			name = IPAddressInformationSwiftUI;
			packageProductDependencies = (
				FB78484D29EE56C9002268FF /* IPAddressAPI */,
			);
			productName = IPAddressInformationSwiftUI;
			productReference = FB78481D29EE567B002268FF /* IPAddressInformationSwiftUI.app */;
			productType = "com.apple.product-type.application";
		};
		FB78482C29EE567D002268FF /* IPAddressInformationSwiftUITests */ = {
			isa = PBXNativeTarget;
			buildConfigurationList = FB78484429EE567D002268FF /* Build configuration list for PBXNativeTarget "IPAddressInformationSwiftUITests" */;
			buildPhases = (
				FB78482929EE567D002268FF /* Sources */,
				FB78482A29EE567D002268FF /* Frameworks */,
				FB78482B29EE567D002268FF /* Resources */,
			);
			buildRules = (
			);
			dependencies = (
				FB78482F29EE567D002268FF /* PBXTargetDependency */,
			);
			name = IPAddressInformationSwiftUITests;
			productName = IPAddressInformationSwiftUITests;
			productReference = FB78482D29EE567D002268FF /* IPAddressInformationSwiftUITests.xctest */;
			productType = "com.apple.product-type.bundle.unit-test";
		};
		FB78483629EE567D002268FF /* IPAddressInformationSwiftUIUITests */ = {
			isa = PBXNativeTarget;
			buildConfigurationList = FB78484729EE567D002268FF /* Build configuration list for PBXNativeTarget "IPAddressInformationSwiftUIUITests" */;
			buildPhases = (
				FB78483329EE567D002268FF /* Sources */,
				FB78483429EE567D002268FF /* Frameworks */,
				FB78483529EE567D002268FF /* Resources */,
			);
			buildRules = (
			);
			dependencies = (
				FB78483929EE567D002268FF /* PBXTargetDependency */,
			);
			name = IPAddressInformationSwiftUIUITests;
			productName = IPAddressInformationSwiftUIUITests;
			productReference = FB78483729EE567D002268FF /* IPAddressInformationSwiftUIUITests.xctest */;
			productType = "com.apple.product-type.bundle.ui-testing";
		};
/* End PBXNativeTarget section */

/* Begin PBXProject section */
		FB78481529EE567B002268FF /* Project object */ = {
			isa = PBXProject;
			attributes = {
				BuildIndependentTargetsInParallel = 1;
				LastSwiftUpdateCheck = 1430;
				LastUpgradeCheck = 1430;
				TargetAttributes = {
					FB78481C29EE567B002268FF = {
						CreatedOnToolsVersion = 14.3;
					};
					FB78482C29EE567D002268FF = {
						CreatedOnToolsVersion = 14.3;
						TestTargetID = FB78481C29EE567B002268FF;
					};
					FB78483629EE567D002268FF = {
						CreatedOnToolsVersion = 14.3;
						TestTargetID = FB78481C29EE567B002268FF;
					};
				};
			};
			buildConfigurationList = FB78481829EE567B002268FF /* Build configuration list for PBXProject "IPAddressInformationSwiftUI" */;
			compatibilityVersion = "Xcode 14.0";
			developmentRegion = en;
			hasScannedForEncodings = 0;
			knownRegions = (
				en,
				Base,
			);
			mainGroup = FB78481429EE567B002268FF;
			productRefGroup = FB78481E29EE567B002268FF /* Products */;
			projectDirPath = "";
			projectRoot = "";
			targets = (
				FB78481C29EE567B002268FF /* IPAddressInformationSwiftUI */,
				FB78482C29EE567D002268FF /* IPAddressInformationSwiftUITests */,
				FB78483629EE567D002268FF /* IPAddressInformationSwiftUIUITests */,
			);
		};
/* End PBXProject section */

/* Begin PBXResourcesBuildPhase section */
		FB78481B29EE567B002268FF /* Resources */ = {
			isa = PBXResourcesBuildPhase;
			buildActionMask = 2147483647;
			files = (
				FB78482829EE567D002268FF /* Preview Assets.xcassets in Resources */,
				FB78482529EE567D002268FF /* Assets.xcassets in Resources */,
			);
			runOnlyForDeploymentPostprocessing = 0;
		};
		FB78482B29EE567D002268FF /* Resources */ = {
			isa = PBXResourcesBuildPhase;
			buildActionMask = 2147483647;
			files = (
			);
			runOnlyForDeploymentPostprocessing = 0;
		};
		FB78483529EE567D002268FF /* Resources */ = {
			isa = PBXResourcesBuildPhase;
			buildActionMask = 2147483647;
			files = (
			);
			runOnlyForDeploymentPostprocessing = 0;
		};
/* End PBXResourcesBuildPhase section */

/* Begin PBXSourcesBuildPhase section */
		FB78481929EE567B002268FF /* Sources */ = {
			isa = PBXSourcesBuildPhase;
			buildActionMask = 2147483647;
			files = (
				FB78482329EE567B002268FF /* ContentView.swift in Sources */,
				FB78482129EE567B002268FF /* IPAddressInformationSwiftUIApp.swift in Sources */,
			);
			runOnlyForDeploymentPostprocessing = 0;
		};
		FB78482929EE567D002268FF /* Sources */ = {
			isa = PBXSourcesBuildPhase;
			buildActionMask = 2147483647;
			files = (
				FB78483229EE567D002268FF /* IPAddressInformationSwiftUITests.swift in Sources */,
			);
			runOnlyForDeploymentPostprocessing = 0;
		};
		FB78483329EE567D002268FF /* Sources */ = {
			isa = PBXSourcesBuildPhase;
			buildActionMask = 2147483647;
			files = (
				FB78483C29EE567D002268FF /* IPAddressInformationSwiftUIUITests.swift in Sources */,
				FB78483E29EE567D002268FF /* IPAddressInformationSwiftUIUITestsLaunchTests.swift in Sources */,
			);
			runOnlyForDeploymentPostprocessing = 0;
		};
/* End PBXSourcesBuildPhase section */

/* Begin PBXTargetDependency section */
		FB78482F29EE567D002268FF /* PBXTargetDependency */ = {
			isa = PBXTargetDependency;
			target = FB78481C29EE567B002268FF /* IPAddressInformationSwiftUI */;
			targetProxy = FB78482E29EE567D002268FF /* PBXContainerItemProxy */;
		};
		FB78483929EE567D002268FF /* PBXTargetDependency */ = {
			isa = PBXTargetDependency;
			target = FB78481C29EE567B002268FF /* IPAddressInformationSwiftUI */;
			targetProxy = FB78483829EE567D002268FF /* PBXContainerItemProxy */;
		};
/* End PBXTargetDependency section */

/* Begin XCBuildConfiguration section */
		FB78483F29EE567D002268FF /* Debug */ = {
			isa = XCBuildConfiguration;
			buildSettings = {
				ALWAYS_SEARCH_USER_PATHS = NO;
				CLANG_ANALYZER_NONNULL = YES;
				CLANG_ANALYZER_NUMBER_OBJECT_CONVERSION = YES_AGGRESSIVE;
				CLANG_CXX_LANGUAGE_STANDARD = "gnu++20";
				CLANG_ENABLE_MODULES = YES;
				CLANG_ENABLE_OBJC_ARC = YES;
				CLANG_ENABLE_OBJC_WEAK = YES;
				CLANG_WARN_BLOCK_CAPTURE_AUTORELEASING = YES;
				CLANG_WARN_BOOL_CONVERSION = YES;
				CLANG_WARN_COMMA = YES;
				CLANG_WARN_CONSTANT_CONVERSION = YES;
				CLANG_WARN_DEPRECATED_OBJC_IMPLEMENTATIONS = YES;
				CLANG_WARN_DIRECT_OBJC_ISA_USAGE = YES_ERROR;
				CLANG_WARN_DOCUMENTATION_COMMENTS = YES;
				CLANG_WARN_EMPTY_BODY = YES;
				CLANG_WARN_ENUM_CONVERSION = YES;
				CLANG_WARN_INFINITE_RECURSION = YES;
				CLANG_WARN_INT_CONVERSION = YES;
				CLANG_WARN_NON_LITERAL_NULL_CONVERSION = YES;
				CLANG_WARN_OBJC_IMPLICIT_RETAIN_SELF = YES;
				CLANG_WARN_OBJC_LITERAL_CONVERSION = YES;
				CLANG_WARN_OBJC_ROOT_CLASS = YES_ERROR;
				CLANG_WARN_QUOTED_INCLUDE_IN_FRAMEWORK_HEADER = YES;
				CLANG_WARN_RANGE_LOOP_ANALYSIS = YES;
				CLANG_WARN_STRICT_PROTOTYPES = YES;
				CLANG_WARN_SUSPICIOUS_MOVE = YES;
				CLANG_WARN_UNGUARDED_AVAILABILITY = YES_AGGRESSIVE;
				CLANG_WARN_UNREACHABLE_CODE = YES;
				CLANG_WARN__DUPLICATE_METHOD_MATCH = YES;
				COPY_PHASE_STRIP = NO;
				DEBUG_INFORMATION_FORMAT = dwarf;
				ENABLE_STRICT_OBJC_MSGSEND = YES;
				ENABLE_TESTABILITY = YES;
				GCC_C_LANGUAGE_STANDARD = gnu11;
				GCC_DYNAMIC_NO_PIC = NO;
				GCC_NO_COMMON_BLOCKS = YES;
				GCC_OPTIMIZATION_LEVEL = 0;
				GCC_PREPROCESSOR_DEFINITIONS = (
					"DEBUG=1",
					"$(inherited)",
				);
				GCC_WARN_64_TO_32_BIT_CONVERSION = YES;
				GCC_WARN_ABOUT_RETURN_TYPE = YES_ERROR;
				GCC_WARN_UNDECLARED_SELECTOR = YES;
				GCC_WARN_UNINITIALIZED_AUTOS = YES_AGGRESSIVE;
				GCC_WARN_UNUSED_FUNCTION = YES;
				GCC_WARN_UNUSED_VARIABLE = YES;
				IPHONEOS_DEPLOYMENT_TARGET = 16.4;
				MTL_ENABLE_DEBUG_INFO = INCLUDE_SOURCE;
				MTL_FAST_MATH = YES;
				ONLY_ACTIVE_ARCH = YES;
				SDKROOT = iphoneos;
				SWIFT_ACTIVE_COMPILATION_CONDITIONS = DEBUG;
				SWIFT_OPTIMIZATION_LEVEL = "-Onone";
			};
			name = Debug;
		};
		FB78484029EE567D002268FF /* Release */ = {
			isa = XCBuildConfiguration;
			buildSettings = {
				ALWAYS_SEARCH_USER_PATHS = NO;
				CLANG_ANALYZER_NONNULL = YES;
				CLANG_ANALYZER_NUMBER_OBJECT_CONVERSION = YES_AGGRESSIVE;
				CLANG_CXX_LANGUAGE_STANDARD = "gnu++20";
				CLANG_ENABLE_MODULES = YES;
				CLANG_ENABLE_OBJC_ARC = YES;
				CLANG_ENABLE_OBJC_WEAK = YES;
				CLANG_WARN_BLOCK_CAPTURE_AUTORELEASING = YES;
				CLANG_WARN_BOOL_CONVERSION = YES;
				CLANG_WARN_COMMA = YES;
				CLANG_WARN_CONSTANT_CONVERSION = YES;
				CLANG_WARN_DEPRECATED_OBJC_IMPLEMENTATIONS = YES;
				CLANG_WARN_DIRECT_OBJC_ISA_USAGE = YES_ERROR;
				CLANG_WARN_DOCUMENTATION_COMMENTS = YES;
				CLANG_WARN_EMPTY_BODY = YES;
				CLANG_WARN_ENUM_CONVERSION = YES;
				CLANG_WARN_INFINITE_RECURSION = YES;
				CLANG_WARN_INT_CONVERSION = YES;
				CLANG_WARN_NON_LITERAL_NULL_CONVERSION = YES;
				CLANG_WARN_OBJC_IMPLICIT_RETAIN_SELF = YES;
				CLANG_WARN_OBJC_LITERAL_CONVERSION = YES;
				CLANG_WARN_OBJC_ROOT_CLASS = YES_ERROR;
				CLANG_WARN_QUOTED_INCLUDE_IN_FRAMEWORK_HEADER = YES;
				CLANG_WARN_RANGE_LOOP_ANALYSIS = YES;
				CLANG_WARN_STRICT_PROTOTYPES = YES;
				CLANG_WARN_SUSPICIOUS_MOVE = YES;
				CLANG_WARN_UNGUARDED_AVAILABILITY = YES_AGGRESSIVE;
				CLANG_WARN_UNREACHABLE_CODE = YES;
				CLANG_WARN__DUPLICATE_METHOD_MATCH = YES;
				COPY_PHASE_STRIP = NO;
				DEBUG_INFORMATION_FORMAT = "dwarf-with-dsym";
				ENABLE_NS_ASSERTIONS = NO;
				ENABLE_STRICT_OBJC_MSGSEND = YES;
				GCC_C_LANGUAGE_STANDARD = gnu11;
				GCC_NO_COMMON_BLOCKS = YES;
				GCC_WARN_64_TO_32_BIT_CONVERSION = YES;
				GCC_WARN_ABOUT_RETURN_TYPE = YES_ERROR;
				GCC_WARN_UNDECLARED_SELECTOR = YES;
				GCC_WARN_UNINITIALIZED_AUTOS = YES_AGGRESSIVE;
				GCC_WARN_UNUSED_FUNCTION = YES;
				GCC_WARN_UNUSED_VARIABLE = YES;
				IPHONEOS_DEPLOYMENT_TARGET = 16.4;
				MTL_ENABLE_DEBUG_INFO = NO;
				MTL_FAST_MATH = YES;
				SDKROOT = iphoneos;
				SWIFT_COMPILATION_MODE = wholemodule;
				SWIFT_OPTIMIZATION_LEVEL = "-O";
				VALIDATE_PRODUCT = YES;
			};
			name = Release;
		};
		FB78484229EE567D002268FF /* Debug */ = {
			isa = XCBuildConfiguration;
			buildSettings = {
				ASSETCATALOG_COMPILER_APPICON_NAME = AppIcon;
				ASSETCATALOG_COMPILER_GLOBAL_ACCENT_COLOR_NAME = AccentColor;
				CODE_SIGN_STYLE = Automatic;
				CURRENT_PROJECT_VERSION = 1;
				DEVELOPMENT_ASSET_PATHS = "\"IPAddressInformationSwiftUI/Preview Content\"";
				ENABLE_PREVIEWS = YES;
				GENERATE_INFOPLIST_FILE = YES;
				INFOPLIST_KEY_UIApplicationSceneManifest_Generation = YES;
				INFOPLIST_KEY_UIApplicationSupportsIndirectInputEvents = YES;
				INFOPLIST_KEY_UILaunchScreen_Generation = YES;
				INFOPLIST_KEY_UISupportedInterfaceOrientations_iPad = "UIInterfaceOrientationPortrait UIInterfaceOrientationPortraitUpsideDown UIInterfaceOrientationLandscapeLeft UIInterfaceOrientationLandscapeRight";
				INFOPLIST_KEY_UISupportedInterfaceOrientations_iPhone = "UIInterfaceOrientationPortrait UIInterfaceOrientationLandscapeLeft UIInterfaceOrientationLandscapeRight";
				LD_RUNPATH_SEARCH_PATHS = (
					"$(inherited)",
					"@executable_path/Frameworks",
				);
				MARKETING_VERSION = 1.0;
				PRODUCT_BUNDLE_IDENTIFIER = au.com.yates.IPAddressInformationSwiftUI;
				PRODUCT_NAME = "$(TARGET_NAME)";
				SWIFT_EMIT_LOC_STRINGS = YES;
				SWIFT_VERSION = 5.0;
				TARGETED_DEVICE_FAMILY = "1,2";
			};
			name = Debug;
		};
		FB78484329EE567D002268FF /* Release */ = {
			isa = XCBuildConfiguration;
			buildSettings = {
				ASSETCATALOG_COMPILER_APPICON_NAME = AppIcon;
				ASSETCATALOG_COMPILER_GLOBAL_ACCENT_COLOR_NAME = AccentColor;
				CODE_SIGN_STYLE = Automatic;
				CURRENT_PROJECT_VERSION = 1;
				DEVELOPMENT_ASSET_PATHS = "\"IPAddressInformationSwiftUI/Preview Content\"";
				ENABLE_PREVIEWS = YES;
				GENERATE_INFOPLIST_FILE = YES;
				INFOPLIST_KEY_UIApplicationSceneManifest_Generation = YES;
				INFOPLIST_KEY_UIApplicationSupportsIndirectInputEvents = YES;
				INFOPLIST_KEY_UILaunchScreen_Generation = YES;
				INFOPLIST_KEY_UISupportedInterfaceOrientations_iPad = "UIInterfaceOrientationPortrait UIInterfaceOrientationPortraitUpsideDown UIInterfaceOrientationLandscapeLeft UIInterfaceOrientationLandscapeRight";
				INFOPLIST_KEY_UISupportedInterfaceOrientations_iPhone = "UIInterfaceOrientationPortrait UIInterfaceOrientationLandscapeLeft UIInterfaceOrientationLandscapeRight";
				LD_RUNPATH_SEARCH_PATHS = (
					"$(inherited)",
					"@executable_path/Frameworks",
				);
				MARKETING_VERSION = 1.0;
				PRODUCT_BUNDLE_IDENTIFIER = au.com.yates.IPAddressInformationSwiftUI;
				PRODUCT_NAME = "$(TARGET_NAME)";
				SWIFT_EMIT_LOC_STRINGS = YES;
				SWIFT_VERSION = 5.0;
				TARGETED_DEVICE_FAMILY = "1,2";
			};
			name = Release;
		};
		FB78484529EE567D002268FF /* Debug */ = {
			isa = XCBuildConfiguration;
			buildSettings = {
				ALWAYS_EMBED_SWIFT_STANDARD_LIBRARIES = YES;
				BUNDLE_LOADER = "$(TEST_HOST)";
				CODE_SIGN_STYLE = Automatic;
				CURRENT_PROJECT_VERSION = 1;
				GENERATE_INFOPLIST_FILE = YES;
				IPHONEOS_DEPLOYMENT_TARGET = 16.4;
				MARKETING_VERSION = 1.0;
				PRODUCT_BUNDLE_IDENTIFIER = au.com.yates.IPAddressInformationSwiftUITests;
				PRODUCT_NAME = "$(TARGET_NAME)";
				SWIFT_EMIT_LOC_STRINGS = NO;
				SWIFT_VERSION = 5.0;
				TARGETED_DEVICE_FAMILY = "1,2";
				TEST_HOST = "$(BUILT_PRODUCTS_DIR)/IPAddressInformationSwiftUI.app/$(BUNDLE_EXECUTABLE_FOLDER_PATH)/IPAddressInformationSwiftUI";
			};
			name = Debug;
		};
		FB78484629EE567D002268FF /* Release */ = {
			isa = XCBuildConfiguration;
			buildSettings = {
				ALWAYS_EMBED_SWIFT_STANDARD_LIBRARIES = YES;
				BUNDLE_LOADER = "$(TEST_HOST)";
				CODE_SIGN_STYLE = Automatic;
				CURRENT_PROJECT_VERSION = 1;
				GENERATE_INFOPLIST_FILE = YES;
				IPHONEOS_DEPLOYMENT_TARGET = 16.4;
				MARKETING_VERSION = 1.0;
				PRODUCT_BUNDLE_IDENTIFIER = au.com.yates.IPAddressInformationSwiftUITests;
				PRODUCT_NAME = "$(TARGET_NAME)";
				SWIFT_EMIT_LOC_STRINGS = NO;
				SWIFT_VERSION = 5.0;
				TARGETED_DEVICE_FAMILY = "1,2";
				TEST_HOST = "$(BUILT_PRODUCTS_DIR)/IPAddressInformationSwiftUI.app/$(BUNDLE_EXECUTABLE_FOLDER_PATH)/IPAddressInformationSwiftUI";
			};
			name = Release;
		};
		FB78484829EE567D002268FF /* Debug */ = {
			isa = XCBuildConfiguration;
			buildSettings = {
				ALWAYS_EMBED_SWIFT_STANDARD_LIBRARIES = YES;
				CODE_SIGN_STYLE = Automatic;
				CURRENT_PROJECT_VERSION = 1;
				GENERATE_INFOPLIST_FILE = YES;
				MARKETING_VERSION = 1.0;
				PRODUCT_BUNDLE_IDENTIFIER = au.com.yates.IPAddressInformationSwiftUIUITests;
				PRODUCT_NAME = "$(TARGET_NAME)";
				SWIFT_EMIT_LOC_STRINGS = NO;
				SWIFT_VERSION = 5.0;
				TARGETED_DEVICE_FAMILY = "1,2";
				TEST_TARGET_NAME = IPAddressInformationSwiftUI;
			};
			name = Debug;
		};
		FB78484929EE567D002268FF /* Release */ = {
			isa = XCBuildConfiguration;
			buildSettings = {
				ALWAYS_EMBED_SWIFT_STANDARD_LIBRARIES = YES;
				CODE_SIGN_STYLE = Automatic;
				CURRENT_PROJECT_VERSION = 1;
				GENERATE_INFOPLIST_FILE = YES;
				MARKETING_VERSION = 1.0;
				PRODUCT_BUNDLE_IDENTIFIER = au.com.yates.IPAddressInformationSwiftUIUITests;
				PRODUCT_NAME = "$(TARGET_NAME)";
				SWIFT_EMIT_LOC_STRINGS = NO;
				SWIFT_VERSION = 5.0;
				TARGETED_DEVICE_FAMILY = "1,2";
				TEST_TARGET_NAME = IPAddressInformationSwiftUI;
			};
			name = Release;
		};
/* End XCBuildConfiguration section */

/* Begin XCConfigurationList section */
		FB78481829EE567B002268FF /* Build configuration list for PBXProject "IPAddressInformationSwiftUI" */ = {
			isa = XCConfigurationList;
			buildConfigurations = (
				FB78483F29EE567D002268FF /* Debug */,
				FB78484029EE567D002268FF /* Release */,
			);
			defaultConfigurationIsVisible = 0;
			defaultConfigurationName = Release;
		};
		FB78484129EE567D002268FF /* Build configuration list for PBXNativeTarget "IPAddressInformationSwiftUI" */ = {
			isa = XCConfigurationList;
			buildConfigurations = (
				FB78484229EE567D002268FF /* Debug */,
				FB78484329EE567D002268FF /* Release */,
			);
			defaultConfigurationIsVisible = 0;
			defaultConfigurationName = Release;
		};
		FB78484429EE567D002268FF /* Build configuration list for PBXNativeTarget "IPAddressInformationSwiftUITests" */ = {
			isa = XCConfigurationList;
			buildConfigurations = (
				FB78484529EE567D002268FF /* Debug */,
				FB78484629EE567D002268FF /* Release */,
			);
			defaultConfigurationIsVisible = 0;
			defaultConfigurationName = Release;
		};
		FB78484729EE567D002268FF /* Build configuration list for PBXNativeTarget "IPAddressInformationSwiftUIUITests" */ = {
			isa = XCConfigurationList;
			buildConfigurations = (
				FB78484829EE567D002268FF /* Debug */,
				FB78484929EE567D002268FF /* Release */,
			);
			defaultConfigurationIsVisible = 0;
			defaultConfigurationName = Release;
		};
/* End XCConfigurationList section */

/* Begin XCSwiftPackageProductDependency section */
		FB78484D29EE56C9002268FF /* IPAddressAPI */ = {
			isa = XCSwiftPackageProductDependency;
			productName = IPAddressAPI;
		};
/* End XCSwiftPackageProductDependency section */
	};
	rootObject = FB78481529EE567B002268FF /* Project object */;
}
