// !$*UTF8*$!
{
	archiveVersion = 1;
	classes = {
	};
	objectVersion = 56;
	objects = {

/* Begin PBXBuildFile section */
		FB7847DD29EE52F9002268FF /* AppDelegate.swift in Sources */ = {isa = PBXBuildFile; fileRef = FB7847DC29EE52F9002268FF /* AppDelegate.swift */; };
		FB7847DF29EE52F9002268FF /* SceneDelegate.swift in Sources */ = {isa = PBXBuildFile; fileRef = FB7847DE29EE52F9002268FF /* SceneDelegate.swift */; };
		FB7847E129EE52F9002268FF /* ViewController.swift in Sources */ = {isa = PBXBuildFile; fileRef = FB7847E029EE52F9002268FF /* ViewController.swift */; };
		FB7847E429EE52F9002268FF /* Main.storyboard in Resources */ = {isa = PBXBuildFile; fileRef = FB7847E229EE52F9002268FF /* Main.storyboard */; };
		FB7847E629EE52FB002268FF /* Assets.xcassets in Resources */ = {isa = PBXBuildFile; fileRef = FB7847E529EE52FB002268FF /* Assets.xcassets */; };
		FB7847E929EE52FB002268FF /* LaunchScreen.storyboard in Resources */ = {isa = PBXBuildFile; fileRef = FB7847E729EE52FB002268FF /* LaunchScreen.storyboard */; };
		FB7847F429EE52FB002268FF /* IPAddressInformationSwiftTests.swift in Sources */ = {isa = PBXBuildFile; fileRef = FB7847F329EE52FB002268FF /* IPAddressInformationSwiftTests.swift */; };
		FB7847FE29EE52FB002268FF /* IPAddressInformationSwiftUITests.swift in Sources */ = {isa = PBXBuildFile; fileRef = FB7847FD29EE52FB002268FF /* IPAddressInformationSwiftUITests.swift */; };
		FB78480029EE52FB002268FF /* IPAddressInformationSwiftUITestsLaunchTests.swift in Sources */ = {isa = PBXBuildFile; fileRef = FB7847FF29EE52FB002268FF /* IPAddressInformationSwiftUITestsLaunchTests.swift */; };
		FB78481329EE55FC002268FF /* IPAddressAPI in Frameworks */ = {isa = PBXBuildFile; productRef = FB78481229EE55FC002268FF /* IPAddressAPI */; };
/* End PBXBuildFile section */

/* Begin PBXContainerItemProxy section */
		FB7847F029EE52FB002268FF /* PBXContainerItemProxy */ = {
			isa = PBXContainerItemProxy;
			containerPortal = FB7847D129EE52F9002268FF /* Project object */;
			proxyType = 1;
			remoteGlobalIDString = FB7847D829EE52F9002268FF;
			remoteInfo = IPAddressInformationSwift;
		};
		FB7847FA29EE52FB002268FF /* PBXContainerItemProxy */ = {
			isa = PBXContainerItemProxy;
			containerPortal = FB7847D129EE52F9002268FF /* Project object */;
			proxyType = 1;
			remoteGlobalIDString = FB7847D829EE52F9002268FF;
			remoteInfo = IPAddressInformationSwift;
		};
/* End PBXContainerItemProxy section */

/* Begin PBXFileReference section */
		FB7847D929EE52F9002268FF /* IPAddressInformationSwift.app */ = {isa = PBXFileReference; explicitFileType = wrapper.application; includeInIndex = 0; path = IPAddressInformationSwift.app; sourceTree = BUILT_PRODUCTS_DIR; };
		FB7847DC29EE52F9002268FF /* AppDelegate.swift */ = {isa = PBXFileReference; lastKnownFileType = sourcecode.swift; path = AppDelegate.swift; sourceTree = "<group>"; };
		FB7847DE29EE52F9002268FF /* SceneDelegate.swift */ = {isa = PBXFileReference; lastKnownFileType = sourcecode.swift; path = SceneDelegate.swift; sourceTree = "<group>"; };
		FB7847E029EE52F9002268FF /* ViewController.swift */ = {isa = PBXFileReference; lastKnownFileType = sourcecode.swift; path = ViewController.swift; sourceTree = "<group>"; };
		FB7847E329EE52F9002268FF /* Base */ = {isa = PBXFileReference; lastKnownFileType = file.storyboard; name = Base; path = Base.lproj/Main.storyboard; sourceTree = "<group>"; };
		FB7847E529EE52FB002268FF /* Assets.xcassets */ = {isa = PBXFileReference; lastKnownFileType = folder.assetcatalog; path = Assets.xcassets; sourceTree = "<group>"; };
		FB7847E829EE52FB002268FF /* Base */ = {isa = PBXFileReference; lastKnownFileType = file.storyboard; name = Base; path = Base.lproj/LaunchScreen.storyboard; sourceTree = "<group>"; };
		FB7847EA29EE52FB002268FF /* Info.plist */ = {isa = PBXFileReference; lastKnownFileType = text.plist.xml; path = Info.plist; sourceTree = "<group>"; };
		FB7847EF29EE52FB002268FF /* IPAddressInformationSwiftTests.xctest */ = {isa = PBXFileReference; explicitFileType = wrapper.cfbundle; includeInIndex = 0; path = IPAddressInformationSwiftTests.xctest; sourceTree = BUILT_PRODUCTS_DIR; };
		FB7847F329EE52FB002268FF /* IPAddressInformationSwiftTests.swift */ = {isa = PBXFileReference; lastKnownFileType = sourcecode.swift; path = IPAddressInformationSwiftTests.swift; sourceTree = "<group>"; };
		FB7847F929EE52FB002268FF /* IPAddressInformationSwiftUITests.xctest */ = {isa = PBXFileReference; explicitFileType = wrapper.cfbundle; includeInIndex = 0; path = IPAddressInformationSwiftUITests.xctest; sourceTree = BUILT_PRODUCTS_DIR; };
		FB7847FD29EE52FB002268FF /* IPAddressInformationSwiftUITests.swift */ = {isa = PBXFileReference; lastKnownFileType = sourcecode.swift; path = IPAddressInformationSwiftUITests.swift; sourceTree = "<group>"; };
		FB7847FF29EE52FB002268FF /* IPAddressInformationSwiftUITestsLaunchTests.swift */ = {isa = PBXFileReference; lastKnownFileType = sourcecode.swift; path = IPAddressInformationSwiftUITestsLaunchTests.swift; sourceTree = "<group>"; };
		FB78481029EE55B9002268FF /* IPAddressAPI */ = {isa = PBXFileReference; lastKnownFileType = wrapper; name = IPAddressAPI; path = ../IPAddressAPI; sourceTree = "<group>"; };
/* End PBXFileReference section */

/* Begin PBXFrameworksBuildPhase section */
		FB7847D629EE52F9002268FF /* Frameworks */ = {
			isa = PBXFrameworksBuildPhase;
			buildActionMask = 2147483647;
			files = (
				FB78481329EE55FC002268FF /* IPAddressAPI in Frameworks */,
			);
			runOnlyForDeploymentPostprocessing = 0;
		};
		FB7847EC29EE52FB002268FF /* Frameworks */ = {
			isa = PBXFrameworksBuildPhase;
			buildActionMask = 2147483647;
			files = (
			);
			runOnlyForDeploymentPostprocessing = 0;
		};
		FB7847F629EE52FB002268FF /* Frameworks */ = {
			isa = PBXFrameworksBuildPhase;
			buildActionMask = 2147483647;
			files = (
			);
			runOnlyForDeploymentPostprocessing = 0;
		};
/* End PBXFrameworksBuildPhase section */

/* Begin PBXGroup section */
		FB7847D029EE52F9002268FF = {
			isa = PBXGroup;
			children = (
				FB78480F29EE55B9002268FF /* Packages */,
				FB7847DB29EE52F9002268FF /* IPAddressInformationSwift */,
				FB7847F229EE52FB002268FF /* IPAddressInformationSwiftTests */,
				FB7847FC29EE52FB002268FF /* IPAddressInformationSwiftUITests */,
				FB7847DA29EE52F9002268FF /* Products */,
				FB78481129EE55FC002268FF /* Frameworks */,
			);
			sourceTree = "<group>";
		};
		FB7847DA29EE52F9002268FF /* Products */ = {
			isa = PBXGroup;
			children = (
				FB7847D929EE52F9002268FF /* IPAddressInformationSwift.app */,
				FB7847EF29EE52FB002268FF /* IPAddressInformationSwiftTests.xctest */,
				FB7847F929EE52FB002268FF /* IPAddressInformationSwiftUITests.xctest */,
			);
			name = Products;
			sourceTree = "<group>";
		};
		FB7847DB29EE52F9002268FF /* IPAddressInformationSwift */ = {
			isa = PBXGroup;
			children = (
				FB7847DC29EE52F9002268FF /* AppDelegate.swift */,
				FB7847DE29EE52F9002268FF /* SceneDelegate.swift */,
				FB7847E029EE52F9002268FF /* ViewController.swift */,
				FB7847E229EE52F9002268FF /* Main.storyboard */,
				FB7847E529EE52FB002268FF /* Assets.xcassets */,
				FB7847E729EE52FB002268FF /* LaunchScreen.storyboard */,
				FB7847EA29EE52FB002268FF /* Info.plist */,
			);
			path = IPAddressInformationSwift;
			sourceTree = "<group>";
		};
		FB7847F229EE52FB002268FF /* IPAddressInformationSwiftTests */ = {
			isa = PBXGroup;
			children = (
				FB7847F329EE52FB002268FF /* IPAddressInformationSwiftTests.swift */,
			);
			path = IPAddressInformationSwiftTests;
			sourceTree = "<group>";
		};
		FB7847FC29EE52FB002268FF /* IPAddressInformationSwiftUITests */ = {
			isa = PBXGroup;
			children = (
				FB7847FD29EE52FB002268FF /* IPAddressInformationSwiftUITests.swift */,
				FB7847FF29EE52FB002268FF /* IPAddressInformationSwiftUITestsLaunchTests.swift */,
			);
			path = IPAddressInformationSwiftUITests;
			sourceTree = "<group>";
		};
		FB78480F29EE55B9002268FF /* Packages */ = {
			isa = PBXGroup;
			children = (
				FB78481029EE55B9002268FF /* IPAddressAPI */,
			);
			name = Packages;
			sourceTree = "<group>";
		};
		FB78481129EE55FC002268FF /* Frameworks */ = {
			isa = PBXGroup;
			children = (
			);
			name = Frameworks;
			sourceTree = "<group>";
		};
/* End PBXGroup section */

/* Begin PBXNativeTarget section */
		FB7847D829EE52F9002268FF /* IPAddressInformationSwift */ = {
			isa = PBXNativeTarget;
			buildConfigurationList = FB78480329EE52FB002268FF /* Build configuration list for PBXNativeTarget "IPAddressInformationSwift" */;
			buildPhases = (
				FB7847D529EE52F9002268FF /* Sources */,
				FB7847D629EE52F9002268FF /* Frameworks */,
				FB7847D729EE52F9002268FF /* Resources */,
			);
			buildRules = (
			);
			dependencies = (
			);
			name = IPAddressInformationSwift;
			packageProductDependencies = (
				FB78481229EE55FC002268FF /* IPAddressAPI */,
			);
			productName = IPAddressInformationSwift;
			productReference = FB7847D929EE52F9002268FF /* IPAddressInformationSwift.app */;
			productType = "com.apple.product-type.application";
		};
		FB7847EE29EE52FB002268FF /* IPAddressInformationSwiftTests */ = {
			isa = PBXNativeTarget;
			buildConfigurationList = FB78480629EE52FB002268FF /* Build configuration list for PBXNativeTarget "IPAddressInformationSwiftTests" */;
			buildPhases = (
				FB7847EB29EE52FB002268FF /* Sources */,
				FB7847EC29EE52FB002268FF /* Frameworks */,
				FB7847ED29EE52FB002268FF /* Resources */,
			);
			buildRules = (
			);
			dependencies = (
				FB7847F129EE52FB002268FF /* PBXTargetDependency */,
			);
			name = IPAddressInformationSwiftTests;
			productName = IPAddressInformationSwiftTests;
			productReference = FB7847EF29EE52FB002268FF /* IPAddressInformationSwiftTests.xctest */;
			productType = "com.apple.product-type.bundle.unit-test";
		};
		FB7847F829EE52FB002268FF /* IPAddressInformationSwiftUITests */ = {
			isa = PBXNativeTarget;
			buildConfigurationList = FB78480929EE52FB002268FF /* Build configuration list for PBXNativeTarget "IPAddressInformationSwiftUITests" */;
			buildPhases = (
				FB7847F529EE52FB002268FF /* Sources */,
				FB7847F629EE52FB002268FF /* Frameworks */,
				FB7847F729EE52FB002268FF /* Resources */,
			);
			buildRules = (
			);
			dependencies = (
				FB7847FB29EE52FB002268FF /* PBXTargetDependency */,
			);
			name = IPAddressInformationSwiftUITests;
			productName = IPAddressInformationSwiftUITests;
			productReference = FB7847F929EE52FB002268FF /* IPAddressInformationSwiftUITests.xctest */;
			productType = "com.apple.product-type.bundle.ui-testing";
		};
/* End PBXNativeTarget section */

/* Begin PBXProject section */
		FB7847D129EE52F9002268FF /* Project object */ = {
			isa = PBXProject;
			attributes = {
				BuildIndependentTargetsInParallel = 1;
				LastSwiftUpdateCheck = 1430;
				LastUpgradeCheck = 1430;
				TargetAttributes = {
					FB7847D829EE52F9002268FF = {
						CreatedOnToolsVersion = 14.3;
					};
					FB7847EE29EE52FB002268FF = {
						CreatedOnToolsVersion = 14.3;
						TestTargetID = FB7847D829EE52F9002268FF;
					};
					FB7847F829EE52FB002268FF = {
						CreatedOnToolsVersion = 14.3;
						TestTargetID = FB7847D829EE52F9002268FF;
					};
				};
			};
			buildConfigurationList = FB7847D429EE52F9002268FF /* Build configuration list for PBXProject "IPAddressInformationSwift" */;
			compatibilityVersion = "Xcode 14.0";
			developmentRegion = en;
			hasScannedForEncodings = 0;
			knownRegions = (
				en,
				Base,
			);
			mainGroup = FB7847D029EE52F9002268FF;
			productRefGroup = FB7847DA29EE52F9002268FF /* Products */;
			projectDirPath = "";
			projectRoot = "";
			targets = (
				FB7847D829EE52F9002268FF /* IPAddressInformationSwift */,
				FB7847EE29EE52FB002268FF /* IPAddressInformationSwiftTests */,
				FB7847F829EE52FB002268FF /* IPAddressInformationSwiftUITests */,
			);
		};
/* End PBXProject section */

/* Begin PBXResourcesBuildPhase section */
		FB7847D729EE52F9002268FF /* Resources */ = {
			isa = PBXResourcesBuildPhase;
			buildActionMask = 2147483647;
			files = (
				FB7847E929EE52FB002268FF /* LaunchScreen.storyboard in Resources */,
				FB7847E629EE52FB002268FF /* Assets.xcassets in Resources */,
				FB7847E429EE52F9002268FF /* Main.storyboard in Resources */,
			);
			runOnlyForDeploymentPostprocessing = 0;
		};
		FB7847ED29EE52FB002268FF /* Resources */ = {
			isa = PBXResourcesBuildPhase;
			buildActionMask = 2147483647;
			files = (
			);
			runOnlyForDeploymentPostprocessing = 0;
		};
		FB7847F729EE52FB002268FF /* Resources */ = {
			isa = PBXResourcesBuildPhase;
			buildActionMask = 2147483647;
			files = (
			);
			runOnlyForDeploymentPostprocessing = 0;
		};
/* End PBXResourcesBuildPhase section */

/* Begin PBXSourcesBuildPhase section */
		FB7847D529EE52F9002268FF /* Sources */ = {
			isa = PBXSourcesBuildPhase;
			buildActionMask = 2147483647;
			files = (
				FB7847E129EE52F9002268FF /* ViewController.swift in Sources */,
				FB7847DD29EE52F9002268FF /* AppDelegate.swift in Sources */,
				FB7847DF29EE52F9002268FF /* SceneDelegate.swift in Sources */,
			);
			runOnlyForDeploymentPostprocessing = 0;
		};
		FB7847EB29EE52FB002268FF /* Sources */ = {
			isa = PBXSourcesBuildPhase;
			buildActionMask = 2147483647;
			files = (
				FB7847F429EE52FB002268FF /* IPAddressInformationSwiftTests.swift in Sources */,
			);
			runOnlyForDeploymentPostprocessing = 0;
		};
		FB7847F529EE52FB002268FF /* Sources */ = {
			isa = PBXSourcesBuildPhase;
			buildActionMask = 2147483647;
			files = (
				FB7847FE29EE52FB002268FF /* IPAddressInformationSwiftUITests.swift in Sources */,
				FB78480029EE52FB002268FF /* IPAddressInformationSwiftUITestsLaunchTests.swift in Sources */,
			);
			runOnlyForDeploymentPostprocessing = 0;
		};
/* End PBXSourcesBuildPhase section */

/* Begin PBXTargetDependency section */
		FB7847F129EE52FB002268FF /* PBXTargetDependency */ = {
			isa = PBXTargetDependency;
			target = FB7847D829EE52F9002268FF /* IPAddressInformationSwift */;
			targetProxy = FB7847F029EE52FB002268FF /* PBXContainerItemProxy */;
		};
		FB7847FB29EE52FB002268FF /* PBXTargetDependency */ = {
			isa = PBXTargetDependency;
			target = FB7847D829EE52F9002268FF /* IPAddressInformationSwift */;
			targetProxy = FB7847FA29EE52FB002268FF /* PBXContainerItemProxy */;
		};
/* End PBXTargetDependency section */

/* Begin PBXVariantGroup section */
		FB7847E229EE52F9002268FF /* Main.storyboard */ = {
			isa = PBXVariantGroup;
			children = (
				FB7847E329EE52F9002268FF /* Base */,
			);
			name = Main.storyboard;
			sourceTree = "<group>";
		};
		FB7847E729EE52FB002268FF /* LaunchScreen.storyboard */ = {
			isa = PBXVariantGroup;
			children = (
				FB7847E829EE52FB002268FF /* Base */,
			);
			name = LaunchScreen.storyboard;
			sourceTree = "<group>";
		};
/* End PBXVariantGroup section */

/* Begin XCBuildConfiguration section */
		FB78480129EE52FB002268FF /* Debug */ = {
			isa = XCBuildConfiguration;
			buildSettings = {
				ALWAYS_SEARCH_USER_PATHS = NO;
				CLANG_ANALYZER_NONNULL = YES;
				CLANG_ANALYZER_NUMBER_OBJECT_CONVERSION = YES_AGGRESSIVE;
				CLANG_CXX_LANGUAGE_STANDARD = "gnu++20";
				CLANG_ENABLE_MODULES = YES;
				CLANG_ENABLE_OBJC_ARC = YES;
				CLANG_ENABLE_OBJC_WEAK = YES;
				CLANG_WARN_BLOCK_CAPTURE_AUTORELEASING = YES;
				CLANG_WARN_BOOL_CONVERSION = YES;
				CLANG_WARN_COMMA = YES;
				CLANG_WARN_CONSTANT_CONVERSION = YES;
				CLANG_WARN_DEPRECATED_OBJC_IMPLEMENTATIONS = YES;
				CLANG_WARN_DIRECT_OBJC_ISA_USAGE = YES_ERROR;
				CLANG_WARN_DOCUMENTATION_COMMENTS = YES;
				CLANG_WARN_EMPTY_BODY = YES;
				CLANG_WARN_ENUM_CONVERSION = YES;
				CLANG_WARN_INFINITE_RECURSION = YES;
				CLANG_WARN_INT_CONVERSION = YES;
				CLANG_WARN_NON_LITERAL_NULL_CONVERSION = YES;
				CLANG_WARN_OBJC_IMPLICIT_RETAIN_SELF = YES;
				CLANG_WARN_OBJC_LITERAL_CONVERSION = YES;
				CLANG_WARN_OBJC_ROOT_CLASS = YES_ERROR;
				CLANG_WARN_QUOTED_INCLUDE_IN_FRAMEWORK_HEADER = YES;
				CLANG_WARN_RANGE_LOOP_ANALYSIS = YES;
				CLANG_WARN_STRICT_PROTOTYPES = YES;
				CLANG_WARN_SUSPICIOUS_MOVE = YES;
				CLANG_WARN_UNGUARDED_AVAILABILITY = YES_AGGRESSIVE;
				CLANG_WARN_UNREACHABLE_CODE = YES;
				CLANG_WARN__DUPLICATE_METHOD_MATCH = YES;
				COPY_PHASE_STRIP = NO;
				DEBUG_INFORMATION_FORMAT = dwarf;
				ENABLE_STRICT_OBJC_MSGSEND = YES;
				ENABLE_TESTABILITY = YES;
				GCC_C_LANGUAGE_STANDARD = gnu11;
				GCC_DYNAMIC_NO_PIC = NO;
				GCC_NO_COMMON_BLOCKS = YES;
				GCC_OPTIMIZATION_LEVEL = 0;
				GCC_PREPROCESSOR_DEFINITIONS = (
					"DEBUG=1",
					"$(inherited)",
				);
				GCC_WARN_64_TO_32_BIT_CONVERSION = YES;
				GCC_WARN_ABOUT_RETURN_TYPE = YES_ERROR;
				GCC_WARN_UNDECLARED_SELECTOR = YES;
				GCC_WARN_UNINITIALIZED_AUTOS = YES_AGGRESSIVE;
				GCC_WARN_UNUSED_FUNCTION = YES;
				GCC_WARN_UNUSED_VARIABLE = YES;
				IPHONEOS_DEPLOYMENT_TARGET = 16.4;
				MTL_ENABLE_DEBUG_INFO = INCLUDE_SOURCE;
				MTL_FAST_MATH = YES;
				ONLY_ACTIVE_ARCH = YES;
				SDKROOT = iphoneos;
				SWIFT_ACTIVE_COMPILATION_CONDITIONS = DEBUG;
				SWIFT_OPTIMIZATION_LEVEL = "-Onone";
			};
			name = Debug;
		};
		FB78480229EE52FB002268FF /* Release */ = {
			isa = XCBuildConfiguration;
			buildSettings = {
				ALWAYS_SEARCH_USER_PATHS = NO;
				CLANG_ANALYZER_NONNULL = YES;
				CLANG_ANALYZER_NUMBER_OBJECT_CONVERSION = YES_AGGRESSIVE;
				CLANG_CXX_LANGUAGE_STANDARD = "gnu++20";
				CLANG_ENABLE_MODULES = YES;
				CLANG_ENABLE_OBJC_ARC = YES;
				CLANG_ENABLE_OBJC_WEAK = YES;
				CLANG_WARN_BLOCK_CAPTURE_AUTORELEASING = YES;
				CLANG_WARN_BOOL_CONVERSION = YES;
				CLANG_WARN_COMMA = YES;
				CLANG_WARN_CONSTANT_CONVERSION = YES;
				CLANG_WARN_DEPRECATED_OBJC_IMPLEMENTATIONS = YES;
				CLANG_WARN_DIRECT_OBJC_ISA_USAGE = YES_ERROR;
				CLANG_WARN_DOCUMENTATION_COMMENTS = YES;
				CLANG_WARN_EMPTY_BODY = YES;
				CLANG_WARN_ENUM_CONVERSION = YES;
				CLANG_WARN_INFINITE_RECURSION = YES;
				CLANG_WARN_INT_CONVERSION = YES;
				CLANG_WARN_NON_LITERAL_NULL_CONVERSION = YES;
				CLANG_WARN_OBJC_IMPLICIT_RETAIN_SELF = YES;
				CLANG_WARN_OBJC_LITERAL_CONVERSION = YES;
				CLANG_WARN_OBJC_ROOT_CLASS = YES_ERROR;
				CLANG_WARN_QUOTED_INCLUDE_IN_FRAMEWORK_HEADER = YES;
				CLANG_WARN_RANGE_LOOP_ANALYSIS = YES;
				CLANG_WARN_STRICT_PROTOTYPES = YES;
				CLANG_WARN_SUSPICIOUS_MOVE = YES;
				CLANG_WARN_UNGUARDED_AVAILABILITY = YES_AGGRESSIVE;
				CLANG_WARN_UNREACHABLE_CODE = YES;
				CLANG_WARN__DUPLICATE_METHOD_MATCH = YES;
				COPY_PHASE_STRIP = NO;
				DEBUG_INFORMATION_FORMAT = "dwarf-with-dsym";
				ENABLE_NS_ASSERTIONS = NO;
				ENABLE_STRICT_OBJC_MSGSEND = YES;
				GCC_C_LANGUAGE_STANDARD = gnu11;
				GCC_NO_COMMON_BLOCKS = YES;
				GCC_WARN_64_TO_32_BIT_CONVERSION = YES;
				GCC_WARN_ABOUT_RETURN_TYPE = YES_ERROR;
				GCC_WARN_UNDECLARED_SELECTOR = YES;
				GCC_WARN_UNINITIALIZED_AUTOS = YES_AGGRESSIVE;
				GCC_WARN_UNUSED_FUNCTION = YES;
				GCC_WARN_UNUSED_VARIABLE = YES;
				IPHONEOS_DEPLOYMENT_TARGET = 16.4;
				MTL_ENABLE_DEBUG_INFO = NO;
				MTL_FAST_MATH = YES;
				SDKROOT = iphoneos;
				SWIFT_COMPILATION_MODE = wholemodule;
				SWIFT_OPTIMIZATION_LEVEL = "-O";
				VALIDATE_PRODUCT = YES;
			};
			name = Release;
		};
		FB78480429EE52FB002268FF /* Debug */ = {
			isa = XCBuildConfiguration;
			buildSettings = {
				ASSETCATALOG_COMPILER_APPICON_NAME = AppIcon;
				ASSETCATALOG_COMPILER_GLOBAL_ACCENT_COLOR_NAME = AccentColor;
				CODE_SIGN_STYLE = Automatic;
				CURRENT_PROJECT_VERSION = 1;
				GENERATE_INFOPLIST_FILE = YES;
				INFOPLIST_FILE = IPAddressInformationSwift/Info.plist;
				INFOPLIST_KEY_UIApplicationSupportsIndirectInputEvents = YES;
				INFOPLIST_KEY_UILaunchStoryboardName = LaunchScreen;
				INFOPLIST_KEY_UIMainStoryboardFile = Main;
				INFOPLIST_KEY_UISupportedInterfaceOrientations_iPad = "UIInterfaceOrientationPortrait UIInterfaceOrientationPortraitUpsideDown UIInterfaceOrientationLandscapeLeft UIInterfaceOrientationLandscapeRight";
				INFOPLIST_KEY_UISupportedInterfaceOrientations_iPhone = "UIInterfaceOrientationPortrait UIInterfaceOrientationLandscapeLeft UIInterfaceOrientationLandscapeRight";
				LD_RUNPATH_SEARCH_PATHS = (
					"$(inherited)",
					"@executable_path/Frameworks",
				);
				MARKETING_VERSION = 1.0;
				PRODUCT_BUNDLE_IDENTIFIER = au.com.yates.IPAddressInformationSwift;
				PRODUCT_NAME = "$(TARGET_NAME)";
				SWIFT_EMIT_LOC_STRINGS = YES;
				SWIFT_VERSION = 5.0;
				TARGETED_DEVICE_FAMILY = "1,2";
			};
			name = Debug;
		};
		FB78480529EE52FB002268FF /* Release */ = {
			isa = XCBuildConfiguration;
			buildSettings = {
				ASSETCATALOG_COMPILER_APPICON_NAME = AppIcon;
				ASSETCATALOG_COMPILER_GLOBAL_ACCENT_COLOR_NAME = AccentColor;
				CODE_SIGN_STYLE = Automatic;
				CURRENT_PROJECT_VERSION = 1;
				GENERATE_INFOPLIST_FILE = YES;
				INFOPLIST_FILE = IPAddressInformationSwift/Info.plist;
				INFOPLIST_KEY_UIApplicationSupportsIndirectInputEvents = YES;
				INFOPLIST_KEY_UILaunchStoryboardName = LaunchScreen;
				INFOPLIST_KEY_UIMainStoryboardFile = Main;
				INFOPLIST_KEY_UISupportedInterfaceOrientations_iPad = "UIInterfaceOrientationPortrait UIInterfaceOrientationPortraitUpsideDown UIInterfaceOrientationLandscapeLeft UIInterfaceOrientationLandscapeRight";
				INFOPLIST_KEY_UISupportedInterfaceOrientations_iPhone = "UIInterfaceOrientationPortrait UIInterfaceOrientationLandscapeLeft UIInterfaceOrientationLandscapeRight";
				LD_RUNPATH_SEARCH_PATHS = (
					"$(inherited)",
					"@executable_path/Frameworks",
				);
				MARKETING_VERSION = 1.0;
				PRODUCT_BUNDLE_IDENTIFIER = au.com.yates.IPAddressInformationSwift;
				PRODUCT_NAME = "$(TARGET_NAME)";
				SWIFT_EMIT_LOC_STRINGS = YES;
				SWIFT_VERSION = 5.0;
				TARGETED_DEVICE_FAMILY = "1,2";
			};
			name = Release;
		};
		FB78480729EE52FB002268FF /* Debug */ = {
			isa = XCBuildConfiguration;
			buildSettings = {
				ALWAYS_EMBED_SWIFT_STANDARD_LIBRARIES = YES;
				BUNDLE_LOADER = "$(TEST_HOST)";
				CODE_SIGN_STYLE = Automatic;
				CURRENT_PROJECT_VERSION = 1;
				GENERATE_INFOPLIST_FILE = YES;
				IPHONEOS_DEPLOYMENT_TARGET = 16.4;
				MARKETING_VERSION = 1.0;
				PRODUCT_BUNDLE_IDENTIFIER = au.com.yates.IPAddressInformationSwiftTests;
				PRODUCT_NAME = "$(TARGET_NAME)";
				SWIFT_EMIT_LOC_STRINGS = NO;
				SWIFT_VERSION = 5.0;
				TARGETED_DEVICE_FAMILY = "1,2";
				TEST_HOST = "$(BUILT_PRODUCTS_DIR)/IPAddressInformationSwift.app/$(BUNDLE_EXECUTABLE_FOLDER_PATH)/IPAddressInformationSwift";
			};
			name = Debug;
		};
		FB78480829EE52FB002268FF /* Release */ = {
			isa = XCBuildConfiguration;
			buildSettings = {
				ALWAYS_EMBED_SWIFT_STANDARD_LIBRARIES = YES;
				BUNDLE_LOADER = "$(TEST_HOST)";
				CODE_SIGN_STYLE = Automatic;
				CURRENT_PROJECT_VERSION = 1;
				GENERATE_INFOPLIST_FILE = YES;
				IPHONEOS_DEPLOYMENT_TARGET = 16.4;
				MARKETING_VERSION = 1.0;
				PRODUCT_BUNDLE_IDENTIFIER = au.com.yates.IPAddressInformationSwiftTests;
				PRODUCT_NAME = "$(TARGET_NAME)";
				SWIFT_EMIT_LOC_STRINGS = NO;
				SWIFT_VERSION = 5.0;
				TARGETED_DEVICE_FAMILY = "1,2";
				TEST_HOST = "$(BUILT_PRODUCTS_DIR)/IPAddressInformationSwift.app/$(BUNDLE_EXECUTABLE_FOLDER_PATH)/IPAddressInformationSwift";
			};
			name = Release;
		};
		FB78480A29EE52FB002268FF /* Debug */ = {
			isa = XCBuildConfiguration;
			buildSettings = {
				ALWAYS_EMBED_SWIFT_STANDARD_LIBRARIES = YES;
				CODE_SIGN_STYLE = Automatic;
				CURRENT_PROJECT_VERSION = 1;
				GENERATE_INFOPLIST_FILE = YES;
				MARKETING_VERSION = 1.0;
				PRODUCT_BUNDLE_IDENTIFIER = au.com.yates.IPAddressInformationSwiftUITests;
				PRODUCT_NAME = "$(TARGET_NAME)";
				SWIFT_EMIT_LOC_STRINGS = NO;
				SWIFT_VERSION = 5.0;
				TARGETED_DEVICE_FAMILY = "1,2";
				TEST_TARGET_NAME = IPAddressInformationSwift;
			};
			name = Debug;
		};
		FB78480B29EE52FB002268FF /* Release */ = {
			isa = XCBuildConfiguration;
			buildSettings = {
				ALWAYS_EMBED_SWIFT_STANDARD_LIBRARIES = YES;
				CODE_SIGN_STYLE = Automatic;
				CURRENT_PROJECT_VERSION = 1;
				GENERATE_INFOPLIST_FILE = YES;
				MARKETING_VERSION = 1.0;
				PRODUCT_BUNDLE_IDENTIFIER = au.com.yates.IPAddressInformationSwiftUITests;
				PRODUCT_NAME = "$(TARGET_NAME)";
				SWIFT_EMIT_LOC_STRINGS = NO;
				SWIFT_VERSION = 5.0;
				TARGETED_DEVICE_FAMILY = "1,2";
				TEST_TARGET_NAME = IPAddressInformationSwift;
			};
			name = Release;
		};
/* End XCBuildConfiguration section */

/* Begin XCConfigurationList section */
		FB7847D429EE52F9002268FF /* Build configuration list for PBXProject "IPAddressInformationSwift" */ = {
			isa = XCConfigurationList;
			buildConfigurations = (
				FB78480129EE52FB002268FF /* Debug */,
				FB78480229EE52FB002268FF /* Release */,
			);
			defaultConfigurationIsVisible = 0;
			defaultConfigurationName = Release;
		};
		FB78480329EE52FB002268FF /* Build configuration list for PBXNativeTarget "IPAddressInformationSwift" */ = {
			isa = XCConfigurationList;
			buildConfigurations = (
				FB78480429EE52FB002268FF /* Debug */,
				FB78480529EE52FB002268FF /* Release */,
			);
			defaultConfigurationIsVisible = 0;
			defaultConfigurationName = Release;
		};
		FB78480629EE52FB002268FF /* Build configuration list for PBXNativeTarget "IPAddressInformationSwiftTests" */ = {
			isa = XCConfigurationList;
			buildConfigurations = (
				FB78480729EE52FB002268FF /* Debug */,
				FB78480829EE52FB002268FF /* Release */,
			);
			defaultConfigurationIsVisible = 0;
			defaultConfigurationName = Release;
		};
		FB78480929EE52FB002268FF /* Build configuration list for PBXNativeTarget "IPAddressInformationSwiftUITests" */ = {
			isa = XCConfigurationList;
			buildConfigurations = (
				FB78480A29EE52FB002268FF /* Debug */,
				FB78480B29EE52FB002268FF /* Release */,
			);
			defaultConfigurationIsVisible = 0;
			defaultConfigurationName = Release;
		};
/* End XCConfigurationList section */

/* Begin XCSwiftPackageProductDependency section */
		FB78481229EE55FC002268FF /* IPAddressAPI */ = {
			isa = XCSwiftPackageProductDependency;
			productName = IPAddressAPI;
		};
/* End XCSwiftPackageProductDependency section */
	};
	rootObject = FB7847D129EE52F9002268FF /* Project object */;
}
